// !$*UTF8*$!
{
	archiveVersion = 1;
	classes = {
	};
	objectVersion = 50;
	objects = {

/* Begin PBXBuildFile section */
		DAAFC18224FDEE81006E8510 /* ViewLayoutSampleApp.swift in Sources */ = {isa = PBXBuildFile; fileRef = DAAFC18124FDEE81006E8510 /* ViewLayoutSampleApp.swift */; };
		DAAFC18424FDEE81006E8510 /* ContentView.swift in Sources */ = {isa = PBXBuildFile; fileRef = DAAFC18324FDEE81006E8510 /* ContentView.swift */; };
		DAAFC18624FDEE83006E8510 /* Assets.xcassets in Resources */ = {isa = PBXBuildFile; fileRef = DAAFC18524FDEE83006E8510 /* Assets.xcassets */; };
		DAAFC18924FDEE83006E8510 /* Preview Assets.xcassets in Resources */ = {isa = PBXBuildFile; fileRef = DAAFC18824FDEE83006E8510 /* Preview Assets.xcassets */; };
		DAAFC19224FDEECC006E8510 /* User.swift in Sources */ = {isa = PBXBuildFile; fileRef = DAAFC19124FDEECC006E8510 /* User.swift */; };
/* End PBXBuildFile section */

/* Begin PBXFileReference section */
		DAAFC17E24FDEE81006E8510 /* ViewLayoutSample.app */ = {isa = PBXFileReference; explicitFileType = wrapper.application; includeInIndex = 0; path = ViewLayoutSample.app; sourceTree = BUILT_PRODUCTS_DIR; };
		DAAFC18124FDEE81006E8510 /* ViewLayoutSampleApp.swift */ = {isa = PBXFileReference; lastKnownFileType = sourcecode.swift; path = ViewLayoutSampleApp.swift; sourceTree = "<group>"; };
		DAAFC18324FDEE81006E8510 /* ContentView.swift */ = {isa = PBXFileReference; lastKnownFileType = sourcecode.swift; path = ContentView.swift; sourceTree = "<group>"; };
		DAAFC18524FDEE83006E8510 /* Assets.xcassets */ = {isa = PBXFileReference; lastKnownFileType = folder.assetcatalog; path = Assets.xcassets; sourceTree = "<group>"; };
		DAAFC18824FDEE83006E8510 /* Preview Assets.xcassets */ = {isa = PBXFileReference; lastKnownFileType = folder.assetcatalog; path = "Preview Assets.xcassets"; sourceTree = "<group>"; };
		DAAFC18A24FDEE83006E8510 /* Info.plist */ = {isa = PBXFileReference; lastKnownFileType = text.plist.xml; path = Info.plist; sourceTree = "<group>"; };
		DAAFC19124FDEECC006E8510 /* User.swift */ = {isa = PBXFileReference; lastKnownFileType = sourcecode.swift; path = User.swift; sourceTree = "<group>"; };
/* End PBXFileReference section */

/* Begin PBXFrameworksBuildPhase section */
		DAAFC17B24FDEE81006E8510 /* Frameworks */ = {
			isa = PBXFrameworksBuildPhase;
			buildActionMask = 2147483647;
			files = (
			);
			runOnlyForDeploymentPostprocessing = 0;
		};
/* End PBXFrameworksBuildPhase section */

/* Begin PBXGroup section */
		DAAFC17524FDEE81006E8510 = {
			isa = PBXGroup;
			children = (
				DAAFC18024FDEE81006E8510 /* ViewLayoutSample */,
				DAAFC17F24FDEE81006E8510 /* Products */,
			);
			sourceTree = "<group>";
		};
		DAAFC17F24FDEE81006E8510 /* Products */ = {
			isa = PBXGroup;
			children = (
				DAAFC17E24FDEE81006E8510 /* ViewLayoutSample.app */,
			);
			name = Products;
			sourceTree = "<group>";
		};
		DAAFC18024FDEE81006E8510 /* ViewLayoutSample */ = {
			isa = PBXGroup;
			children = (
				DAAFC19324FDEF2E006E8510 /* Stacks */,
				DAAFC19024FDEEBA006E8510 /* Models */,
				DAAFC18124FDEE81006E8510 /* ViewLayoutSampleApp.swift */,
				DAAFC18324FDEE81006E8510 /* ContentView.swift */,
				DAAFC18524FDEE83006E8510 /* Assets.xcassets */,
				DAAFC18A24FDEE83006E8510 /* Info.plist */,
				DAAFC18724FDEE83006E8510 /* Preview Content */,
			);
			path = ViewLayoutSample;
			sourceTree = "<group>";
		};
		DAAFC18724FDEE83006E8510 /* Preview Content */ = {
			isa = PBXGroup;
			children = (
				DAAFC18824FDEE83006E8510 /* Preview Assets.xcassets */,
			);
			path = "Preview Content";
			sourceTree = "<group>";
		};
		DAAFC19024FDEEBA006E8510 /* Models */ = {
			isa = PBXGroup;
			children = (
				DAAFC19124FDEECC006E8510 /* User.swift */,
			);
			path = Models;
			sourceTree = "<group>";
		};
		DAAFC19324FDEF2E006E8510 /* Stacks */ = {
			isa = PBXGroup;
			children = (
			);
			path = Stacks;
			sourceTree = "<group>";
		};
/* End PBXGroup section */

/* Begin PBXNativeTarget section */
		DAAFC17D24FDEE81006E8510 /* ViewLayoutSample */ = {
			isa = PBXNativeTarget;
			buildConfigurationList = DAAFC18D24FDEE83006E8510 /* Build configuration list for PBXNativeTarget "ViewLayoutSample" */;
			buildPhases = (
				DAAFC17A24FDEE81006E8510 /* Sources */,
				DAAFC17B24FDEE81006E8510 /* Frameworks */,
				DAAFC17C24FDEE81006E8510 /* Resources */,
			);
			buildRules = (
			);
			dependencies = (
			);
			name = ViewLayoutSample;
			productName = ViewLayoutSample;
			productReference = DAAFC17E24FDEE81006E8510 /* ViewLayoutSample.app */;
			productType = "com.apple.product-type.application";
		};
/* End PBXNativeTarget section */

/* Begin PBXProject section */
		DAAFC17624FDEE81006E8510 /* Project object */ = {
			isa = PBXProject;
			attributes = {
				LastSwiftUpdateCheck = 1200;
				LastUpgradeCheck = 1200;
				TargetAttributes = {
					DAAFC17D24FDEE81006E8510 = {
						CreatedOnToolsVersion = 12.0;
					};
				};
			};
			buildConfigurationList = DAAFC17924FDEE81006E8510 /* Build configuration list for PBXProject "ViewLayoutSample" */;
			compatibilityVersion = "Xcode 9.3";
			developmentRegion = en;
			hasScannedForEncodings = 0;
			knownRegions = (
				en,
				Base,
			);
			mainGroup = DAAFC17524FDEE81006E8510;
			productRefGroup = DAAFC17F24FDEE81006E8510 /* Products */;
			projectDirPath = "";
			projectRoot = "";
			targets = (
				DAAFC17D24FDEE81006E8510 /* ViewLayoutSample */,
			);
		};
/* End PBXProject section */

/* Begin PBXResourcesBuildPhase section */
		DAAFC17C24FDEE81006E8510 /* Resources */ = {
			isa = PBXResourcesBuildPhase;
			buildActionMask = 2147483647;
			files = (
				DAAFC18924FDEE83006E8510 /* Preview Assets.xcassets in Resources */,
				DAAFC18624FDEE83006E8510 /* Assets.xcassets in Resources */,
			);
			runOnlyForDeploymentPostprocessing = 0;
		};
/* End PBXResourcesBuildPhase section */

/* Begin PBXSourcesBuildPhase section */
		DAAFC17A24FDEE81006E8510 /* Sources */ = {
			isa = PBXSourcesBuildPhase;
			buildActionMask = 2147483647;
			files = (
				DAAFC18424FDEE81006E8510 /* ContentView.swift in Sources */,
				DAAFC18224FDEE81006E8510 /* ViewLayoutSampleApp.swift in Sources */,
				DAAFC19224FDEECC006E8510 /* User.swift in Sources */,
			);
			runOnlyForDeploymentPostprocessing = 0;
		};
/* End PBXSourcesBuildPhase section */

/* Begin XCBuildConfiguration section */
		DAAFC18B24FDEE83006E8510 /* Debug */ = {
			isa = XCBuildConfiguration;
			buildSettings = {
				ALWAYS_SEARCH_USER_PATHS = NO;
				CLANG_ANALYZER_NONNULL = YES;
				CLANG_ANALYZER_NUMBER_OBJECT_CONVERSION = YES_AGGRESSIVE;
				CLANG_CXX_LANGUAGE_STANDARD = "gnu++14";
				CLANG_CXX_LIBRARY = "libc++";
				CLANG_ENABLE_MODULES = YES;
				CLANG_ENABLE_OBJC_ARC = YES;
				CLANG_ENABLE_OBJC_WEAK = YES;
				CLANG_WARN_BLOCK_CAPTURE_AUTORELEASING = YES;
				CLANG_WARN_BOOL_CONVERSION = YES;
				CLANG_WARN_COMMA = YES;
				CLANG_WARN_CONSTANT_CONVERSION = YES;
				CLANG_WARN_DEPRECATED_OBJC_IMPLEMENTATIONS = YES;
				CLANG_WARN_DIRECT_OBJC_ISA_USAGE = YES_ERROR;
				CLANG_WARN_DOCUMENTATION_COMMENTS = YES;
				CLANG_WARN_EMPTY_BODY = YES;
				CLANG_WARN_ENUM_CONVERSION = YES;
				CLANG_WARN_INFINITE_RECURSION = YES;
				CLANG_WARN_INT_CONVERSION = YES;
				CLANG_WARN_NON_LITERAL_NULL_CONVERSION = YES;
				CLANG_WARN_OBJC_IMPLICIT_RETAIN_SELF = YES;
				CLANG_WARN_OBJC_LITERAL_CONVERSION = YES;
				CLANG_WARN_OBJC_ROOT_CLASS = YES_ERROR;
				CLANG_WARN_QUOTED_INCLUDE_IN_FRAMEWORK_HEADER = YES;
				CLANG_WARN_RANGE_LOOP_ANALYSIS = YES;
				CLANG_WARN_STRICT_PROTOTYPES = YES;
				CLANG_WARN_SUSPICIOUS_MOVE = YES;
				CLANG_WARN_UNGUARDED_AVAILABILITY = YES_AGGRESSIVE;
				CLANG_WARN_UNREACHABLE_CODE = YES;
				CLANG_WARN__DUPLICATE_METHOD_MATCH = YES;
				COPY_PHASE_STRIP = NO;
				DEBUG_INFORMATION_FORMAT = dwarf;
				ENABLE_STRICT_OBJC_MSGSEND = YES;
				ENABLE_TESTABILITY = YES;
				GCC_C_LANGUAGE_STANDARD = gnu11;
				GCC_DYNAMIC_NO_PIC = NO;
				GCC_NO_COMMON_BLOCKS = YES;
				GCC_OPTIMIZATION_LEVEL = 0;
				GCC_PREPROCESSOR_DEFINITIONS = (
					"DEBUG=1",
					"$(inherited)",
				);
				GCC_WARN_64_TO_32_BIT_CONVERSION = YES;
				GCC_WARN_ABOUT_RETURN_TYPE = YES_ERROR;
				GCC_WARN_UNDECLARED_SELECTOR = YES;
				GCC_WARN_UNINITIALIZED_AUTOS = YES_AGGRESSIVE;
				GCC_WARN_UNUSED_FUNCTION = YES;
				GCC_WARN_UNUSED_VARIABLE = YES;
				IPHONEOS_DEPLOYMENT_TARGET = 14.0;
				MTL_ENABLE_DEBUG_INFO = INCLUDE_SOURCE;
				MTL_FAST_MATH = YES;
				ONLY_ACTIVE_ARCH = YES;
				SDKROOT = iphoneos;
				SWIFT_ACTIVE_COMPILATION_CONDITIONS = DEBUG;
				SWIFT_OPTIMIZATION_LEVEL = "-Onone";
			};
			name = Debug;
		};
		DAAFC18C24FDEE83006E8510 /* Release */ = {
			isa = XCBuildConfiguration;
			buildSettings = {
				ALWAYS_SEARCH_USER_PATHS = NO;
				CLANG_ANALYZER_NONNULL = YES;
				CLANG_ANALYZER_NUMBER_OBJECT_CONVERSION = YES_AGGRESSIVE;
				CLANG_CXX_LANGUAGE_STANDARD = "gnu++14";
				CLANG_CXX_LIBRARY = "libc++";
				CLANG_ENABLE_MODULES = YES;
				CLANG_ENABLE_OBJC_ARC = YES;
				CLANG_ENABLE_OBJC_WEAK = YES;
				CLANG_WARN_BLOCK_CAPTURE_AUTORELEASING = YES;
				CLANG_WARN_BOOL_CONVERSION = YES;
				CLANG_WARN_COMMA = YES;
				CLANG_WARN_CONSTANT_CONVERSION = YES;
				CLANG_WARN_DEPRECATED_OBJC_IMPLEMENTATIONS = YES;
				CLANG_WARN_DIRECT_OBJC_ISA_USAGE = YES_ERROR;
				CLANG_WARN_DOCUMENTATION_COMMENTS = YES;
				CLANG_WARN_EMPTY_BODY = YES;
				CLANG_WARN_ENUM_CONVERSION = YES;
				CLANG_WARN_INFINITE_RECURSION = YES;
				CLANG_WARN_INT_CONVERSION = YES;
				CLANG_WARN_NON_LITERAL_NULL_CONVERSION = YES;
				CLANG_WARN_OBJC_IMPLICIT_RETAIN_SELF = YES;
				CLANG_WARN_OBJC_LITERAL_CONVERSION = YES;
				CLANG_WARN_OBJC_ROOT_CLASS = YES_ERROR;
				CLANG_WARN_QUOTED_INCLUDE_IN_FRAMEWORK_HEADER = YES;
				CLANG_WARN_RANGE_LOOP_ANALYSIS = YES;
				CLANG_WARN_STRICT_PROTOTYPES = YES;
				CLANG_WARN_SUSPICIOUS_MOVE = YES;
				CLANG_WARN_UNGUARDED_AVAILABILITY = YES_AGGRESSIVE;
				CLANG_WARN_UNREACHABLE_CODE = YES;
				CLANG_WARN__DUPLICATE_METHOD_MATCH = YES;
				COPY_PHASE_STRIP = NO;
				DEBUG_INFORMATION_FORMAT = "dwarf-with-dsym";
				ENABLE_NS_ASSERTIONS = NO;
				ENABLE_STRICT_OBJC_MSGSEND = YES;
				GCC_C_LANGUAGE_STANDARD = gnu11;
				GCC_NO_COMMON_BLOCKS = YES;
				GCC_WARN_64_TO_32_BIT_CONVERSION = YES;
				GCC_WARN_ABOUT_RETURN_TYPE = YES_ERROR;
				GCC_WARN_UNDECLARED_SELECTOR = YES;
				GCC_WARN_UNINITIALIZED_AUTOS = YES_AGGRESSIVE;
				GCC_WARN_UNUSED_FUNCTION = YES;
				GCC_WARN_UNUSED_VARIABLE = YES;
				IPHONEOS_DEPLOYMENT_TARGET = 14.0;
				MTL_ENABLE_DEBUG_INFO = NO;
				MTL_FAST_MATH = YES;
				SDKROOT = iphoneos;
				SWIFT_COMPILATION_MODE = wholemodule;
				SWIFT_OPTIMIZATION_LEVEL = "-O";
				VALIDATE_PRODUCT = YES;
			};
			name = Release;
		};
		DAAFC18E24FDEE83006E8510 /* Debug */ = {
			isa = XCBuildConfiguration;
			buildSettings = {
				ASSETCATALOG_COMPILER_APPICON_NAME = AppIcon;
				ASSETCATALOG_COMPILER_GLOBAL_ACCENT_COLOR_NAME = AccentColor;
				CODE_SIGN_STYLE = Automatic;
				DEVELOPMENT_ASSET_PATHS = "\"ViewLayoutSample/Preview Content\"";
				ENABLE_PREVIEWS = YES;
				INFOPLIST_FILE = ViewLayoutSample/Info.plist;
				IPHONEOS_DEPLOYMENT_TARGET = 14.0;
				LD_RUNPATH_SEARCH_PATHS = (
					"$(inherited)",
					"@executable_path/Frameworks",
				);
				PRODUCT_BUNDLE_IDENTIFIER = com.jcubedapps.ViewLayoutSample;
				PRODUCT_NAME = "$(TARGET_NAME)";
				SWIFT_VERSION = 5.0;
				TARGETED_DEVICE_FAMILY = "1,2";
			};
			name = Debug;
		};
		DAAFC18F24FDEE83006E8510 /* Release */ = {
			isa = XCBuildConfiguration;
			buildSettings = {
				ASSETCATALOG_COMPILER_APPICON_NAME = AppIcon;
				ASSETCATALOG_COMPILER_GLOBAL_ACCENT_COLOR_NAME = AccentColor;
				CODE_SIGN_STYLE = Automatic;
				DEVELOPMENT_ASSET_PATHS = "\"ViewLayoutSample/Preview Content\"";
				ENABLE_PREVIEWS = YES;
				INFOPLIST_FILE = ViewLayoutSample/Info.plist;
				IPHONEOS_DEPLOYMENT_TARGET = 14.0;
				LD_RUNPATH_SEARCH_PATHS = (
					"$(inherited)",
					"@executable_path/Frameworks",
				);
				PRODUCT_BUNDLE_IDENTIFIER = com.jcubedapps.ViewLayoutSample;
				PRODUCT_NAME = "$(TARGET_NAME)";
				SWIFT_VERSION = 5.0;
				TARGETED_DEVICE_FAMILY = "1,2";
			};
			name = Release;
		};
/* End XCBuildConfiguration section */

/* Begin XCConfigurationList section */
		DAAFC17924FDEE81006E8510 /* Build configuration list for PBXProject "ViewLayoutSample" */ = {
			isa = XCConfigurationList;
			buildConfigurations = (
				DAAFC18B24FDEE83006E8510 /* Debug */,
				DAAFC18C24FDEE83006E8510 /* Release */,
			);
			defaultConfigurationIsVisible = 0;
			defaultConfigurationName = Release;
		};
		DAAFC18D24FDEE83006E8510 /* Build configuration list for PBXNativeTarget "ViewLayoutSample" */ = {
			isa = XCConfigurationList;
			buildConfigurations = (
				DAAFC18E24FDEE83006E8510 /* Debug */,
				DAAFC18F24FDEE83006E8510 /* Release */,
			);
			defaultConfigurationIsVisible = 0;
			defaultConfigurationName = Release;
		};
/* End XCConfigurationList section */
	};
	rootObject = DAAFC17624FDEE81006E8510 /* Project object */;
}
